
Microsoft Visual Studio Solution File, Format Version 11.00
# Visual Studio 2010
Project("{FAE04EC0-301F-11D3-BF4B-00C04F79EFBC}") = "Assembly-CSharp", "Assembly-CSharp.csproj", "{3FE10C63-8D48-9E9B-4652-2C632E583E3B}"
EndProject
Project("{FAE04EC0-301F-11D3-BF4B-00C04F79EFBC}") = "V_Animation", "V_Animation.csproj", "{DCDFA84D-85C1-54EC-45F9-84EFE9C693EE}"
EndProject
Global
	GlobalSection(SolutionConfigurationPlatforms) = preSolution
		Debug|Any CPU = Debug|Any CPU
		Release|Any CPU = Release|Any CPU
	EndGlobalSection
	GlobalSection(ProjectConfigurationPlatforms) = postSolution
		{3FE10C63-8D48-9E9B-4652-2C632E583E3B}.Debug|Any CPU.ActiveCfg = Debug|Any CPU
		{3FE10C63-8D48-9E9B-4652-2C632E583E3B}.Debug|Any CPU.Build.0 = Debug|Any CPU
		{3FE10C63-8D48-9E9B-4652-2C632E583E3B}.Release|Any CPU.ActiveCfg = Release|Any CPU
		{3FE10C63-8D48-9E9B-4652-2C632E583E3B}.Release|Any CPU.Build.0 = Release|Any CPU
		{DCDFA84D-85C1-54EC-45F9-84EFE9C693EE}.Debug|Any CPU.ActiveCfg = Debug|Any CPU
		{DCDFA84D-85C1-54EC-45F9-84EFE9C693EE}.Debug|Any CPU.Build.0 = Debug|Any CPU
		{DCDFA84D-85C1-54EC-45F9-84EFE9C693EE}.Release|Any CPU.ActiveCfg = Release|Any CPU
		{DCDFA84D-85C1-54EC-45F9-84EFE9C693EE}.Release|Any CPU.Build.0 = Release|Any CPU
	EndGlobalSection
	GlobalSection(SolutionProperties) = preSolution
		HideSolutionNode = FALSE
	EndGlobalSection
EndGlobal
