
Microsoft Visual Studio Solution File, Format Version 11.00
# Visual Studio 2010
Project("{FAE04EC0-301F-11D3-BF4B-00C04F79EFBC}") = "Assembly-CSharp", "Assembly-CSharp.csproj", "{0004da4d-01b5-3b85-3a44-4063c967bfed}"
EndProject
Project("{FAE04EC0-301F-11D3-BF4B-00C04F79EFBC}") = "V_Animation", "V_Animation.csproj", "{794b4ffa-7e39-6f6a-d65a-3e35fcdcd35b}"
EndProject
Global
	GlobalSection(SolutionConfigurationPlatforms) = preSolution
		Debug|Any CPU = Debug|Any CPU
		Release|Any CPU = Release|Any CPU
	EndGlobalSection
	GlobalSection(ProjectConfigurationPlatforms) = postSolution
		{0004da4d-01b5-3b85-3a44-4063c967bfed}.Debug|Any CPU.ActiveCfg = Debug|Any CPU
		{0004da4d-01b5-3b85-3a44-4063c967bfed}.Debug|Any CPU.Build.0 = Debug|Any CPU
		{0004da4d-01b5-3b85-3a44-4063c967bfed}.Release|Any CPU.ActiveCfg = Release|Any CPU
		{0004da4d-01b5-3b85-3a44-4063c967bfed}.Release|Any CPU.Build.0 = Release|Any CPU
		{794b4ffa-7e39-6f6a-d65a-3e35fcdcd35b}.Debug|Any CPU.ActiveCfg = Debug|Any CPU
		{794b4ffa-7e39-6f6a-d65a-3e35fcdcd35b}.Debug|Any CPU.Build.0 = Debug|Any CPU
		{794b4ffa-7e39-6f6a-d65a-3e35fcdcd35b}.Release|Any CPU.ActiveCfg = Release|Any CPU
		{794b4ffa-7e39-6f6a-d65a-3e35fcdcd35b}.Release|Any CPU.Build.0 = Release|Any CPU
	EndGlobalSection
	GlobalSection(SolutionProperties) = preSolution
		HideSolutionNode = FALSE
	EndGlobalSection
EndGlobal
