
Microsoft Visual Studio Solution File, Format Version 11.00
# Visual Studio 2010
Project("{FAE04EC0-301F-11D3-BF4B-00C04F79EFBC}") = "V_Animation", "V_Animation.csproj", "{769e6b71-16f0-f932-362b-c2bc5b4de664}"
EndProject
Project("{FAE04EC0-301F-11D3-BF4B-00C04F79EFBC}") = "Assembly-CSharp", "Assembly-CSharp.csproj", "{0e5faa65-0d46-8ff1-1efe-b46c58a79e2a}"
EndProject
Global
	GlobalSection(SolutionConfigurationPlatforms) = preSolution
		Debug|Any CPU = Debug|Any CPU
	EndGlobalSection
	GlobalSection(ProjectConfigurationPlatforms) = postSolution
		{769e6b71-16f0-f932-362b-c2bc5b4de664}.Debug|Any CPU.ActiveCfg = Debug|Any CPU
		{769e6b71-16f0-f932-362b-c2bc5b4de664}.Debug|Any CPU.Build.0 = Debug|Any CPU
		{0e5faa65-0d46-8ff1-1efe-b46c58a79e2a}.Debug|Any CPU.ActiveCfg = Debug|Any CPU
		{0e5faa65-0d46-8ff1-1efe-b46c58a79e2a}.Debug|Any CPU.Build.0 = Debug|Any CPU
	EndGlobalSection
	GlobalSection(SolutionProperties) = preSolution
		HideSolutionNode = FALSE
	EndGlobalSection
EndGlobal
